
Microsoft Visual Studio Solution File, Format Version 12.00
# Visual Studio Version 16
VisualStudioVersion = 16.0.34301.259
MinimumVisualStudioVersion = 10.0.40219.1
Project("{FAE04EC0-301F-11D3-BF4B-00C04F79EFBC}") = "DevOpsDemo", "DevOpsDemo\DevOpsDemo.csproj", "{A1670161-B27A-4A2B-9C83-D2CCD0CA6DC7}"
EndProject
Project("{FAE04EC0-301F-11D3-BF4B-00C04F79EFBC}") = "DevOpsDemo.Test", "DevOpsDemo.Test\DevOpsDemo.Test.csproj", "{731A3006-BD38-48BA-8CD1-0F4162D119F8}"
EndProject
Global
	GlobalSection(SolutionConfigurationPlatforms) = preSolution
		Debug|Any CPU = Debug|Any CPU
		Release|Any CPU = Release|Any CPU
	EndGlobalSection
	GlobalSection(ProjectConfigurationPlatforms) = postSolution
		{A1670161-B27A-4A2B-9C83-D2CCD0CA6DC7}.Debug|Any CPU.ActiveCfg = Debug|Any CPU
		{A1670161-B27A-4A2B-9C83-D2CCD0CA6DC7}.Debug|Any CPU.Build.0 = Debug|Any CPU
		{A1670161-B27A-4A2B-9C83-D2CCD0CA6DC7}.Release|Any CPU.ActiveCfg = Release|Any CPU
		{A1670161-B27A-4A2B-9C83-D2CCD0CA6DC7}.Release|Any CPU.Build.0 = Release|Any CPU
		{731A3006-BD38-48BA-8CD1-0F4162D119F8}.Debug|Any CPU.ActiveCfg = Debug|Any CPU
		{731A3006-BD38-48BA-8CD1-0F4162D119F8}.Debug|Any CPU.Build.0 = Debug|Any CPU
		{731A3006-BD38-48BA-8CD1-0F4162D119F8}.Release|Any CPU.ActiveCfg = Release|Any CPU
		{731A3006-BD38-48BA-8CD1-0F4162D119F8}.Release|Any CPU.Build.0 = Release|Any CPU
	EndGlobalSection
	GlobalSection(SolutionProperties) = preSolution
		HideSolutionNode = FALSE
	EndGlobalSection
	GlobalSection(ExtensibilityGlobals) = postSolution
		SolutionGuid = {0B6DAA34-F738-4BEE-B98D-64B1D8A1FAA8}
	EndGlobalSection
EndGlobal
